// !$*UTF8*$!
{
	archiveVersion = 1;
	classes = {
	};
	objectVersion = 51;
	objects = {

/* Begin PBXBuildFile section */
		CE24C4A323ED5A670024E0B9 /* GoogleService-Info.plist in Resources */ = {isa = PBXBuildFile; fileRef = CE24C4A223ED5A670024E0B9 /* GoogleService-Info.plist */; };
		CE50BFED23F1D48D00CF6414 /* MovieService.swift in Sources */ = {isa = PBXBuildFile; fileRef = CE50BFEC23F1D48D00CF6414 /* MovieService.swift */; };
		CE50BFEF23F1D4AA00CF6414 /* Constants.swift in Sources */ = {isa = PBXBuildFile; fileRef = CE50BFEE23F1D4AA00CF6414 /* Constants.swift */; };
		CE50BFF123F1D4C800CF6414 /* Utility.swift in Sources */ = {isa = PBXBuildFile; fileRef = CE50BFF023F1D4C800CF6414 /* Utility.swift */; };
		CE59135F23E2035900A8EBD4 /* AppDelegate.swift in Sources */ = {isa = PBXBuildFile; fileRef = CE59135E23E2035900A8EBD4 /* AppDelegate.swift */; };
		CE59136123E2035900A8EBD4 /* SceneDelegate.swift in Sources */ = {isa = PBXBuildFile; fileRef = CE59136023E2035900A8EBD4 /* SceneDelegate.swift */; };
		CE59136623E2035900A8EBD4 /* Initial.storyboard in Resources */ = {isa = PBXBuildFile; fileRef = CE59136423E2035900A8EBD4 /* Initial.storyboard */; };
		CE59136823E2035C00A8EBD4 /* Assets.xcassets in Resources */ = {isa = PBXBuildFile; fileRef = CE59136723E2035C00A8EBD4 /* Assets.xcassets */; };
		CE59136B23E2035C00A8EBD4 /* LaunchScreen.storyboard in Resources */ = {isa = PBXBuildFile; fileRef = CE59136923E2035C00A8EBD4 /* LaunchScreen.storyboard */; };
		CE7D4BC923F9714B003BD8E0 /* RatingSystem.swift in Sources */ = {isa = PBXBuildFile; fileRef = CE7D4BC823F9714B003BD8E0 /* RatingSystem.swift */; };
		CE97546023F94C2100353F50 /* Details.storyboard in Resources */ = {isa = PBXBuildFile; fileRef = CE97545F23F94C2100353F50 /* Details.storyboard */; };
		CE97546223F94C5E00353F50 /* DetailsViewController.swift in Sources */ = {isa = PBXBuildFile; fileRef = CE97546123F94C5E00353F50 /* DetailsViewController.swift */; };
		CE97546423F950DB00353F50 /* MovieTableViewCell.swift in Sources */ = {isa = PBXBuildFile; fileRef = CE97546323F950DB00353F50 /* MovieTableViewCell.swift */; };
		CECDC27023ED7F4600A9D53D /* InitialTableViewController.swift in Sources */ = {isa = PBXBuildFile; fileRef = CECDC26F23ED7F4600A9D53D /* InitialTableViewController.swift */; };
		CECDC27223EDAC6900A9D53D /* Movie.swift in Sources */ = {isa = PBXBuildFile; fileRef = CECDC27123EDAC6900A9D53D /* Movie.swift */; };
		F8301D2FA70638DAF7275929 /* Pods_MovieDBApp.framework in Frameworks */ = {isa = PBXBuildFile; fileRef = E35D739D05B01D02DB1A564D /* Pods_MovieDBApp.framework */; };
/* End PBXBuildFile section */

/* Begin PBXFileReference section */
		0591E0DCFBE48F225F307C62 /* Pods-MovieDBApp.debug.xcconfig */ = {isa = PBXFileReference; includeInIndex = 1; lastKnownFileType = text.xcconfig; name = "Pods-MovieDBApp.debug.xcconfig"; path = "Target Support Files/Pods-MovieDBApp/Pods-MovieDBApp.debug.xcconfig"; sourceTree = "<group>"; };
		36587453F533DAD8D3352ABE /* Pods-MovieDBApp.release.xcconfig */ = {isa = PBXFileReference; includeInIndex = 1; lastKnownFileType = text.xcconfig; name = "Pods-MovieDBApp.release.xcconfig"; path = "Target Support Files/Pods-MovieDBApp/Pods-MovieDBApp.release.xcconfig"; sourceTree = "<group>"; };
		CE24C4A223ED5A670024E0B9 /* GoogleService-Info.plist */ = {isa = PBXFileReference; fileEncoding = 4; lastKnownFileType = text.plist.xml; path = "GoogleService-Info.plist"; sourceTree = "<group>"; };
		CE50BFEC23F1D48D00CF6414 /* MovieService.swift */ = {isa = PBXFileReference; lastKnownFileType = sourcecode.swift; path = MovieService.swift; sourceTree = "<group>"; };
		CE50BFEE23F1D4AA00CF6414 /* Constants.swift */ = {isa = PBXFileReference; lastKnownFileType = sourcecode.swift; path = Constants.swift; sourceTree = "<group>"; };
		CE50BFF023F1D4C800CF6414 /* Utility.swift */ = {isa = PBXFileReference; lastKnownFileType = sourcecode.swift; path = Utility.swift; sourceTree = "<group>"; };
		CE59135B23E2035900A8EBD4 /* MovieDBApp.app */ = {isa = PBXFileReference; explicitFileType = wrapper.application; includeInIndex = 0; path = MovieDBApp.app; sourceTree = BUILT_PRODUCTS_DIR; };
		CE59135E23E2035900A8EBD4 /* AppDelegate.swift */ = {isa = PBXFileReference; lastKnownFileType = sourcecode.swift; path = AppDelegate.swift; sourceTree = "<group>"; };
		CE59136023E2035900A8EBD4 /* SceneDelegate.swift */ = {isa = PBXFileReference; lastKnownFileType = sourcecode.swift; path = SceneDelegate.swift; sourceTree = "<group>"; };
		CE59136523E2035900A8EBD4 /* Base */ = {isa = PBXFileReference; lastKnownFileType = file.storyboard; name = Base; path = Base.lproj/Initial.storyboard; sourceTree = "<group>"; };
		CE59136723E2035C00A8EBD4 /* Assets.xcassets */ = {isa = PBXFileReference; lastKnownFileType = folder.assetcatalog; path = Assets.xcassets; sourceTree = "<group>"; };
		CE59136A23E2035C00A8EBD4 /* Base */ = {isa = PBXFileReference; lastKnownFileType = file.storyboard; name = Base; path = Base.lproj/LaunchScreen.storyboard; sourceTree = "<group>"; };
		CE59136C23E2035C00A8EBD4 /* Info.plist */ = {isa = PBXFileReference; lastKnownFileType = text.plist.xml; path = Info.plist; sourceTree = "<group>"; };
		CE7D4BC823F9714B003BD8E0 /* RatingSystem.swift */ = {isa = PBXFileReference; lastKnownFileType = sourcecode.swift; path = RatingSystem.swift; sourceTree = "<group>"; };
		CE97545F23F94C2100353F50 /* Details.storyboard */ = {isa = PBXFileReference; lastKnownFileType = file.storyboard; path = Details.storyboard; sourceTree = "<group>"; };
		CE97546123F94C5E00353F50 /* DetailsViewController.swift */ = {isa = PBXFileReference; lastKnownFileType = sourcecode.swift; path = DetailsViewController.swift; sourceTree = "<group>"; };
		CE97546323F950DB00353F50 /* MovieTableViewCell.swift */ = {isa = PBXFileReference; lastKnownFileType = sourcecode.swift; path = MovieTableViewCell.swift; sourceTree = "<group>"; };
		CECDC26F23ED7F4600A9D53D /* InitialTableViewController.swift */ = {isa = PBXFileReference; lastKnownFileType = sourcecode.swift; path = InitialTableViewController.swift; sourceTree = "<group>"; };
		CECDC27123EDAC6900A9D53D /* Movie.swift */ = {isa = PBXFileReference; lastKnownFileType = sourcecode.swift; path = Movie.swift; sourceTree = "<group>"; };
		E35D739D05B01D02DB1A564D /* Pods_MovieDBApp.framework */ = {isa = PBXFileReference; explicitFileType = wrapper.framework; includeInIndex = 0; path = Pods_MovieDBApp.framework; sourceTree = BUILT_PRODUCTS_DIR; };
/* End PBXFileReference section */

/* Begin PBXFrameworksBuildPhase section */
		CE59135823E2035800A8EBD4 /* Frameworks */ = {
			isa = PBXFrameworksBuildPhase;
			buildActionMask = 2147483647;
			files = (
				F8301D2FA70638DAF7275929 /* Pods_MovieDBApp.framework in Frameworks */,
			);
			runOnlyForDeploymentPostprocessing = 0;
		};
/* End PBXFrameworksBuildPhase section */

/* Begin PBXGroup section */
		3BBD1E11E95F24A6364378DA /* Pods */ = {
			isa = PBXGroup;
			children = (
				0591E0DCFBE48F225F307C62 /* Pods-MovieDBApp.debug.xcconfig */,
				36587453F533DAD8D3352ABE /* Pods-MovieDBApp.release.xcconfig */,
			);
			path = Pods;
			sourceTree = "<group>";
		};
		8D7B28AEC9C5875DE3FBCD03 /* Frameworks */ = {
			isa = PBXGroup;
			children = (
				E35D739D05B01D02DB1A564D /* Pods_MovieDBApp.framework */,
			);
			name = Frameworks;
			sourceTree = "<group>";
		};
		CE59135223E2035800A8EBD4 = {
			isa = PBXGroup;
			children = (
				CE59135D23E2035900A8EBD4 /* MovieDBApp */,
				CE59135C23E2035900A8EBD4 /* Products */,
				3BBD1E11E95F24A6364378DA /* Pods */,
				8D7B28AEC9C5875DE3FBCD03 /* Frameworks */,
			);
			sourceTree = "<group>";
		};
		CE59135C23E2035900A8EBD4 /* Products */ = {
			isa = PBXGroup;
			children = (
				CE59135B23E2035900A8EBD4 /* MovieDBApp.app */,
			);
			name = Products;
			sourceTree = "<group>";
		};
		CE59135D23E2035900A8EBD4 /* MovieDBApp */ = {
			isa = PBXGroup;
			children = (
				CE59135E23E2035900A8EBD4 /* AppDelegate.swift */,
				CE59136023E2035900A8EBD4 /* SceneDelegate.swift */,
				CECDC26E23ED7F0200A9D53D /* Initial */,
				CE97545E23F94C0400353F50 /* Details */,
				CECDC27123EDAC6900A9D53D /* Movie.swift */,
				CE50BFEC23F1D48D00CF6414 /* MovieService.swift */,
				CE7D4BC823F9714B003BD8E0 /* RatingSystem.swift */,
				CE50BFEE23F1D4AA00CF6414 /* Constants.swift */,
				CE50BFF023F1D4C800CF6414 /* Utility.swift */,
				CE59136723E2035C00A8EBD4 /* Assets.xcassets */,
				CE59136923E2035C00A8EBD4 /* LaunchScreen.storyboard */,
				CE59136C23E2035C00A8EBD4 /* Info.plist */,
				CE24C4A223ED5A670024E0B9 /* GoogleService-Info.plist */,
			);
			path = MovieDBApp;
			sourceTree = "<group>";
		};
		CE97545E23F94C0400353F50 /* Details */ = {
			isa = PBXGroup;
			children = (
				CE97545F23F94C2100353F50 /* Details.storyboard */,
				CE97546123F94C5E00353F50 /* DetailsViewController.swift */,
			);
			path = Details;
			sourceTree = "<group>";
		};
		CECDC26E23ED7F0200A9D53D /* Initial */ = {
			isa = PBXGroup;
			children = (
				CE59136423E2035900A8EBD4 /* Initial.storyboard */,
				CECDC26F23ED7F4600A9D53D /* InitialTableViewController.swift */,
				CE97546323F950DB00353F50 /* MovieTableViewCell.swift */,
			);
			path = Initial;
			sourceTree = "<group>";
		};
/* End PBXGroup section */

/* Begin PBXNativeTarget section */
		CE59135A23E2035800A8EBD4 /* MovieDBApp */ = {
			isa = PBXNativeTarget;
			buildConfigurationList = CE59136F23E2035C00A8EBD4 /* Build configuration list for PBXNativeTarget "MovieDBApp" */;
			buildPhases = (
				2F1E7D5F75B55518D5BF7B89 /* [CP] Check Pods Manifest.lock */,
				CE59135723E2035800A8EBD4 /* Sources */,
				CE59135823E2035800A8EBD4 /* Frameworks */,
				CE59135923E2035800A8EBD4 /* Resources */,
				E994C9378A54FEE2CC765402 /* [CP] Embed Pods Frameworks */,
			);
			buildRules = (
			);
			dependencies = (
			);
			name = MovieDBApp;
			productName = MovieDBApp;
			productReference = CE59135B23E2035900A8EBD4 /* MovieDBApp.app */;
			productType = "com.apple.product-type.application";
		};
/* End PBXNativeTarget section */

/* Begin PBXProject section */
		CE59135323E2035800A8EBD4 /* Project object */ = {
			isa = PBXProject;
			attributes = {
				LastSwiftUpdateCheck = 1130;
				LastUpgradeCheck = 1130;
				ORGANIZATIONNAME = TwoGirlsOneApp;
				TargetAttributes = {
					CE59135A23E2035800A8EBD4 = {
						CreatedOnToolsVersion = 11.3.1;
					};
				};
			};
			buildConfigurationList = CE59135623E2035800A8EBD4 /* Build configuration list for PBXProject "MovieDBApp" */;
			compatibilityVersion = "Xcode 9.3";
			developmentRegion = en;
			hasScannedForEncodings = 0;
			knownRegions = (
				en,
				Base,
			);
			mainGroup = CE59135223E2035800A8EBD4;
			productRefGroup = CE59135C23E2035900A8EBD4 /* Products */;
			projectDirPath = "";
			projectRoot = "";
			targets = (
				CE59135A23E2035800A8EBD4 /* MovieDBApp */,
			);
		};
/* End PBXProject section */

/* Begin PBXResourcesBuildPhase section */
		CE59135923E2035800A8EBD4 /* Resources */ = {
			isa = PBXResourcesBuildPhase;
			buildActionMask = 2147483647;
			files = (
				CE97546023F94C2100353F50 /* Details.storyboard in Resources */,
				CE59136B23E2035C00A8EBD4 /* LaunchScreen.storyboard in Resources */,
				CE24C4A323ED5A670024E0B9 /* GoogleService-Info.plist in Resources */,
				CE59136823E2035C00A8EBD4 /* Assets.xcassets in Resources */,
				CE59136623E2035900A8EBD4 /* Initial.storyboard in Resources */,
			);
			runOnlyForDeploymentPostprocessing = 0;
		};
/* End PBXResourcesBuildPhase section */

/* Begin PBXShellScriptBuildPhase section */
		2F1E7D5F75B55518D5BF7B89 /* [CP] Check Pods Manifest.lock */ = {
			isa = PBXShellScriptBuildPhase;
			buildActionMask = 2147483647;
			files = (
			);
			inputFileListPaths = (
			);
			inputPaths = (
				"${PODS_PODFILE_DIR_PATH}/Podfile.lock",
				"${PODS_ROOT}/Manifest.lock",
			);
			name = "[CP] Check Pods Manifest.lock";
			outputFileListPaths = (
			);
			outputPaths = (
				"$(DERIVED_FILE_DIR)/Pods-MovieDBApp-checkManifestLockResult.txt",
			);
			runOnlyForDeploymentPostprocessing = 0;
			shellPath = /bin/sh;
			shellScript = "diff \"${PODS_PODFILE_DIR_PATH}/Podfile.lock\" \"${PODS_ROOT}/Manifest.lock\" > /dev/null\nif [ $? != 0 ] ; then\n    # print error to STDERR\n    echo \"error: The sandbox is not in sync with the Podfile.lock. Run 'pod install' or update your CocoaPods installation.\" >&2\n    exit 1\nfi\n# This output is used by Xcode 'outputs' to avoid re-running this script phase.\necho \"SUCCESS\" > \"${SCRIPT_OUTPUT_FILE_0}\"\n";
			showEnvVarsInLog = 0;
		};
		E994C9378A54FEE2CC765402 /* [CP] Embed Pods Frameworks */ = {
			isa = PBXShellScriptBuildPhase;
			buildActionMask = 2147483647;
			files = (
			);
			inputFileListPaths = (
				"${PODS_ROOT}/Target Support Files/Pods-MovieDBApp/Pods-MovieDBApp-frameworks-${CONFIGURATION}-input-files.xcfilelist",
			);
			name = "[CP] Embed Pods Frameworks";
			outputFileListPaths = (
				"${PODS_ROOT}/Target Support Files/Pods-MovieDBApp/Pods-MovieDBApp-frameworks-${CONFIGURATION}-output-files.xcfilelist",
			);
			runOnlyForDeploymentPostprocessing = 0;
			shellPath = /bin/sh;
			shellScript = "\"${PODS_ROOT}/Target Support Files/Pods-MovieDBApp/Pods-MovieDBApp-frameworks.sh\"\n";
			showEnvVarsInLog = 0;
		};
/* End PBXShellScriptBuildPhase section */

/* Begin PBXSourcesBuildPhase section */
		CE59135723E2035800A8EBD4 /* Sources */ = {
			isa = PBXSourcesBuildPhase;
			buildActionMask = 2147483647;
			files = (
				CE50BFF123F1D4C800CF6414 /* Utility.swift in Sources */,
				CE59135F23E2035900A8EBD4 /* AppDelegate.swift in Sources */,
				CE97546423F950DB00353F50 /* MovieTableViewCell.swift in Sources */,
				CE7D4BC923F9714B003BD8E0 /* RatingSystem.swift in Sources */,
				CECDC27023ED7F4600A9D53D /* InitialTableViewController.swift in Sources */,
				CE97546223F94C5E00353F50 /* DetailsViewController.swift in Sources */,
				CECDC27223EDAC6900A9D53D /* Movie.swift in Sources */,
				CE59136123E2035900A8EBD4 /* SceneDelegate.swift in Sources */,
				CE50BFED23F1D48D00CF6414 /* MovieService.swift in Sources */,
				CE50BFEF23F1D4AA00CF6414 /* Constants.swift in Sources */,
			);
			runOnlyForDeploymentPostprocessing = 0;
		};
/* End PBXSourcesBuildPhase section */

/* Begin PBXVariantGroup section */
		CE59136423E2035900A8EBD4 /* Initial.storyboard */ = {
			isa = PBXVariantGroup;
			children = (
				CE59136523E2035900A8EBD4 /* Base */,
			);
			name = Initial.storyboard;
			sourceTree = "<group>";
		};
		CE59136923E2035C00A8EBD4 /* LaunchScreen.storyboard */ = {
			isa = PBXVariantGroup;
			children = (
				CE59136A23E2035C00A8EBD4 /* Base */,
			);
			name = LaunchScreen.storyboard;
			sourceTree = "<group>";
		};
/* End PBXVariantGroup section */

/* Begin XCBuildConfiguration section */
		CE59136D23E2035C00A8EBD4 /* Debug */ = {
			isa = XCBuildConfiguration;
			buildSettings = {
				ALWAYS_SEARCH_USER_PATHS = NO;
				CLANG_ANALYZER_NONNULL = YES;
				CLANG_ANALYZER_NUMBER_OBJECT_CONVERSION = YES_AGGRESSIVE;
				CLANG_CXX_LANGUAGE_STANDARD = "gnu++14";
				CLANG_CXX_LIBRARY = "libc++";
				CLANG_ENABLE_MODULES = YES;
				CLANG_ENABLE_OBJC_ARC = YES;
				CLANG_ENABLE_OBJC_WEAK = YES;
				CLANG_WARN_BLOCK_CAPTURE_AUTORELEASING = YES;
				CLANG_WARN_BOOL_CONVERSION = YES;
				CLANG_WARN_COMMA = YES;
				CLANG_WARN_CONSTANT_CONVERSION = YES;
				CLANG_WARN_DEPRECATED_OBJC_IMPLEMENTATIONS = YES;
				CLANG_WARN_DIRECT_OBJC_ISA_USAGE = YES_ERROR;
				CLANG_WARN_DOCUMENTATION_COMMENTS = YES;
				CLANG_WARN_EMPTY_BODY = YES;
				CLANG_WARN_ENUM_CONVERSION = YES;
				CLANG_WARN_INFINITE_RECURSION = YES;
				CLANG_WARN_INT_CONVERSION = YES;
				CLANG_WARN_NON_LITERAL_NULL_CONVERSION = YES;
				CLANG_WARN_OBJC_IMPLICIT_RETAIN_SELF = YES;
				CLANG_WARN_OBJC_LITERAL_CONVERSION = YES;
				CLANG_WARN_OBJC_ROOT_CLASS = YES_ERROR;
				CLANG_WARN_RANGE_LOOP_ANALYSIS = YES;
				CLANG_WARN_STRICT_PROTOTYPES = YES;
				CLANG_WARN_SUSPICIOUS_MOVE = YES;
				CLANG_WARN_UNGUARDED_AVAILABILITY = YES_AGGRESSIVE;
				CLANG_WARN_UNREACHABLE_CODE = YES;
				CLANG_WARN__DUPLICATE_METHOD_MATCH = YES;
				COPY_PHASE_STRIP = NO;
				DEBUG_INFORMATION_FORMAT = dwarf;
				ENABLE_STRICT_OBJC_MSGSEND = YES;
				ENABLE_TESTABILITY = YES;
				GCC_C_LANGUAGE_STANDARD = gnu11;
				GCC_DYNAMIC_NO_PIC = NO;
				GCC_NO_COMMON_BLOCKS = YES;
				GCC_OPTIMIZATION_LEVEL = 0;
				GCC_PREPROCESSOR_DEFINITIONS = (
					"DEBUG=1",
					"$(inherited)",
				);
				GCC_WARN_64_TO_32_BIT_CONVERSION = YES;
				GCC_WARN_ABOUT_RETURN_TYPE = YES_ERROR;
				GCC_WARN_UNDECLARED_SELECTOR = YES;
				GCC_WARN_UNINITIALIZED_AUTOS = YES_AGGRESSIVE;
				GCC_WARN_UNUSED_FUNCTION = YES;
				GCC_WARN_UNUSED_VARIABLE = YES;
				IPHONEOS_DEPLOYMENT_TARGET = 13.2;
				MTL_ENABLE_DEBUG_INFO = INCLUDE_SOURCE;
				MTL_FAST_MATH = YES;
				ONLY_ACTIVE_ARCH = YES;
				SDKROOT = iphoneos;
				SWIFT_ACTIVE_COMPILATION_CONDITIONS = DEBUG;
				SWIFT_OPTIMIZATION_LEVEL = "-Onone";
			};
			name = Debug;
		};
		CE59136E23E2035C00A8EBD4 /* Release */ = {
			isa = XCBuildConfiguration;
			buildSettings = {
				ALWAYS_SEARCH_USER_PATHS = NO;
				CLANG_ANALYZER_NONNULL = YES;
				CLANG_ANALYZER_NUMBER_OBJECT_CONVERSION = YES_AGGRESSIVE;
				CLANG_CXX_LANGUAGE_STANDARD = "gnu++14";
				CLANG_CXX_LIBRARY = "libc++";
				CLANG_ENABLE_MODULES = YES;
				CLANG_ENABLE_OBJC_ARC = YES;
				CLANG_ENABLE_OBJC_WEAK = YES;
				CLANG_WARN_BLOCK_CAPTURE_AUTORELEASING = YES;
				CLANG_WARN_BOOL_CONVERSION = YES;
				CLANG_WARN_COMMA = YES;
				CLANG_WARN_CONSTANT_CONVERSION = YES;
				CLANG_WARN_DEPRECATED_OBJC_IMPLEMENTATIONS = YES;
				CLANG_WARN_DIRECT_OBJC_ISA_USAGE = YES_ERROR;
				CLANG_WARN_DOCUMENTATION_COMMENTS = YES;
				CLANG_WARN_EMPTY_BODY = YES;
				CLANG_WARN_ENUM_CONVERSION = YES;
				CLANG_WARN_INFINITE_RECURSION = YES;
				CLANG_WARN_INT_CONVERSION = YES;
				CLANG_WARN_NON_LITERAL_NULL_CONVERSION = YES;
				CLANG_WARN_OBJC_IMPLICIT_RETAIN_SELF = YES;
				CLANG_WARN_OBJC_LITERAL_CONVERSION = YES;
				CLANG_WARN_OBJC_ROOT_CLASS = YES_ERROR;
				CLANG_WARN_RANGE_LOOP_ANALYSIS = YES;
				CLANG_WARN_STRICT_PROTOTYPES = YES;
				CLANG_WARN_SUSPICIOUS_MOVE = YES;
				CLANG_WARN_UNGUARDED_AVAILABILITY = YES_AGGRESSIVE;
				CLANG_WARN_UNREACHABLE_CODE = YES;
				CLANG_WARN__DUPLICATE_METHOD_MATCH = YES;
				COPY_PHASE_STRIP = NO;
				DEBUG_INFORMATION_FORMAT = "dwarf-with-dsym";
				ENABLE_NS_ASSERTIONS = NO;
				ENABLE_STRICT_OBJC_MSGSEND = YES;
				GCC_C_LANGUAGE_STANDARD = gnu11;
				GCC_NO_COMMON_BLOCKS = YES;
				GCC_WARN_64_TO_32_BIT_CONVERSION = YES;
				GCC_WARN_ABOUT_RETURN_TYPE = YES_ERROR;
				GCC_WARN_UNDECLARED_SELECTOR = YES;
				GCC_WARN_UNINITIALIZED_AUTOS = YES_AGGRESSIVE;
				GCC_WARN_UNUSED_FUNCTION = YES;
				GCC_WARN_UNUSED_VARIABLE = YES;
				IPHONEOS_DEPLOYMENT_TARGET = 13.2;
				MTL_ENABLE_DEBUG_INFO = NO;
				MTL_FAST_MATH = YES;
				SDKROOT = iphoneos;
				SWIFT_COMPILATION_MODE = wholemodule;
				SWIFT_OPTIMIZATION_LEVEL = "-O";
				VALIDATE_PRODUCT = YES;
			};
			name = Release;
		};
		CE59137023E2035C00A8EBD4 /* Debug */ = {
			isa = XCBuildConfiguration;
			baseConfigurationReference = 0591E0DCFBE48F225F307C62 /* Pods-MovieDBApp.debug.xcconfig */;
			buildSettings = {
				ASSETCATALOG_COMPILER_APPICON_NAME = AppIcon;
				CODE_SIGN_STYLE = Automatic;
				DEVELOPMENT_TEAM = R4XX73UL3N;
				INFOPLIST_FILE = MovieDBApp/Info.plist;
				LD_RUNPATH_SEARCH_PATHS = (
					"$(inherited)",
					"@executable_path/Frameworks",
				);
				PRODUCT_BUNDLE_IDENTIFIER = edu.twogirlsoneapp.MovieDBApp;
				PRODUCT_NAME = "$(TARGET_NAME)";
				SWIFT_VERSION = 5.0;
				TARGETED_DEVICE_FAMILY = "1,2";
			};
			name = Debug;
		};
		CE59137123E2035C00A8EBD4 /* Release */ = {
			isa = XCBuildConfiguration;
			baseConfigurationReference = 36587453F533DAD8D3352ABE /* Pods-MovieDBApp.release.xcconfig */;
			buildSettings = {
				ASSETCATALOG_COMPILER_APPICON_NAME = AppIcon;
				CODE_SIGN_STYLE = Automatic;
				DEVELOPMENT_TEAM = R4XX73UL3N;
				INFOPLIST_FILE = MovieDBApp/Info.plist;
				LD_RUNPATH_SEARCH_PATHS = (
					"$(inherited)",
					"@executable_path/Frameworks",
				);
				PRODUCT_BUNDLE_IDENTIFIER = edu.twogirlsoneapp.MovieDBApp;
				PRODUCT_NAME = "$(TARGET_NAME)";
				SWIFT_VERSION = 5.0;
				TARGETED_DEVICE_FAMILY = "1,2";
			};
			name = Release;
		};
/* End XCBuildConfiguration section */

/* Begin XCConfigurationList section */
		CE59135623E2035800A8EBD4 /* Build configuration list for PBXProject "MovieDBApp" */ = {
			isa = XCConfigurationList;
			buildConfigurations = (
				CE59136D23E2035C00A8EBD4 /* Debug */,
				CE59136E23E2035C00A8EBD4 /* Release */,
			);
			defaultConfigurationIsVisible = 0;
			defaultConfigurationName = Release;
		};
		CE59136F23E2035C00A8EBD4 /* Build configuration list for PBXNativeTarget "MovieDBApp" */ = {
			isa = XCConfigurationList;
			buildConfigurations = (
				CE59137023E2035C00A8EBD4 /* Debug */,
				CE59137123E2035C00A8EBD4 /* Release */,
			);
			defaultConfigurationIsVisible = 0;
			defaultConfigurationName = Release;
		};
/* End XCConfigurationList section */
	};
	rootObject = CE59135323E2035800A8EBD4 /* Project object */;
}
